// !$*UTF8*$!
{
	archiveVersion = 1;
	classes = {
	};
	objectVersion = 46;
	objects = {

/* Begin PBXBuildFile section */
		E4768C531B865B3100879B8E /* Yamaha_XG_Sound_Set.sf2 in Resources */ = {isa = PBXBuildFile; fileRef = E4768C521B865B3100879B8E /* Yamaha_XG_Sound_Set.sf2 */; };
		E4ABCAD31B99E21300D09CCB /* chet1003.mid in Resources */ = {isa = PBXBuildFile; fileRef = E4ABCAD21B99E21300D09CCB /* chet1003.mid */; };
		E4ABCAD41B99E21300D09CCB /* chet1003.mid in Resources */ = {isa = PBXBuildFile; fileRef = E4ABCAD21B99E21300D09CCB /* chet1003.mid */; };
		E4ABCAD61B99E28400D09CCB /* chet2501.mid in Resources */ = {isa = PBXBuildFile; fileRef = E4ABCAD51B99E28400D09CCB /* chet2501.mid */; };
		E4ABCAD71B99E28400D09CCB /* chet2501.mid in Resources */ = {isa = PBXBuildFile; fileRef = E4ABCAD51B99E28400D09CCB /* chet2501.mid */; };
		E4B642F91B8370B500A1E76D /* main.m in Sources */ = {isa = PBXBuildFile; fileRef = E4B642F81B8370B500A1E76D /* main.m */; };
		E4B642FC1B8370B500A1E76D /* AppDelegate.m in Sources */ = {isa = PBXBuildFile; fileRef = E4B642FB1B8370B500A1E76D /* AppDelegate.m */; };
		E4B642FF1B8370B500A1E76D /* ViewController.m in Sources */ = {isa = PBXBuildFile; fileRef = E4B642FE1B8370B500A1E76D /* ViewController.m */; };
		E4B643021B8370B500A1E76D /* Main.storyboard in Resources */ = {isa = PBXBuildFile; fileRef = E4B643001B8370B500A1E76D /* Main.storyboard */; };
		E4B643041B8370B500A1E76D /* Images.xcassets in Resources */ = {isa = PBXBuildFile; fileRef = E4B643031B8370B500A1E76D /* Images.xcassets */; };
		E4B643071B8370B500A1E76D /* LaunchScreen.xib in Resources */ = {isa = PBXBuildFile; fileRef = E4B643051B8370B500A1E76D /* LaunchScreen.xib */; };
		E4B643131B8370B500A1E76D /* SimpleCoreMidiTests.m in Sources */ = {isa = PBXBuildFile; fileRef = E4B643121B8370B500A1E76D /* SimpleCoreMidiTests.m */; };
		E4B6431D1B8371B000A1E76D /* MidiEngine.m in Sources */ = {isa = PBXBuildFile; fileRef = E4B6431C1B8371B000A1E76D /* MidiEngine.m */; };
		E4B6431E1B8371B000A1E76D /* MidiEngine.m in Sources */ = {isa = PBXBuildFile; fileRef = E4B6431C1B8371B000A1E76D /* MidiEngine.m */; };
		E4B643201B83720800A1E76D /* AudioToolbox.framework in Frameworks */ = {isa = PBXBuildFile; fileRef = E4B6431F1B83720800A1E76D /* AudioToolbox.framework */; };
		E4B643241B83724E00A1E76D /* CoreAudio.framework in Frameworks */ = {isa = PBXBuildFile; fileRef = E4B643231B83724E00A1E76D /* CoreAudio.framework */; };
		E4B643261B83725A00A1E76D /* CoreMIDI.framework in Frameworks */ = {isa = PBXBuildFile; fileRef = E4B643251B83725A00A1E76D /* CoreMIDI.framework */; };
		E4E036361B895F3600E7FA73 /* Accelerate.framework in Frameworks */ = {isa = PBXBuildFile; fileRef = E4E036351B895F3600E7FA73 /* Accelerate.framework */; };
		E4E036381B8962A700E7FA73 /* Bee_Gees_-_Jive_Talkin'.mid in Resources */ = {isa = PBXBuildFile; fileRef = E4E036371B8962A700E7FA73 /* Bee_Gees_-_Jive_Talkin'.mid */; };
/* End PBXBuildFile section */

/* Begin PBXContainerItemProxy section */
		E4B6430D1B8370B500A1E76D /* PBXContainerItemProxy */ = {
			isa = PBXContainerItemProxy;
			containerPortal = E4B642EB1B8370B500A1E76D /* Project object */;
			proxyType = 1;
			remoteGlobalIDString = E4B642F21B8370B500A1E76D;
			remoteInfo = SimpleCoreMidi;
		};
/* End PBXContainerItemProxy section */

/* Begin PBXFileReference section */
		E46E972A1B855CB0003349FB /* AudioUnit.framework */ = {isa = PBXFileReference; lastKnownFileType = wrapper.framework; name = AudioUnit.framework; path = System/Library/Frameworks/AudioUnit.framework; sourceTree = SDKROOT; };
		E4768C521B865B3100879B8E /* Yamaha_XG_Sound_Set.sf2 */ = {isa = PBXFileReference; lastKnownFileType = file; name = Yamaha_XG_Sound_Set.sf2; path = sound/Yamaha_XG_Sound_Set.sf2; sourceTree = "<group>"; };
		E4ABCAD21B99E21300D09CCB /* chet1003.mid */ = {isa = PBXFileReference; lastKnownFileType = audio.midi; name = chet1003.mid; path = sound/chet1003.mid; sourceTree = "<group>"; };
		E4ABCAD51B99E28400D09CCB /* chet2501.mid */ = {isa = PBXFileReference; lastKnownFileType = audio.midi; name = chet2501.mid; path = sound/chet2501.mid; sourceTree = "<group>"; };
		E4B642F31B8370B500A1E76D /* SimpleCoreMidi.app */ = {isa = PBXFileReference; explicitFileType = wrapper.application; includeInIndex = 0; path = SimpleCoreMidi.app; sourceTree = BUILT_PRODUCTS_DIR; };
		E4B642F71B8370B500A1E76D /* Info.plist */ = {isa = PBXFileReference; lastKnownFileType = text.plist.xml; path = Info.plist; sourceTree = "<group>"; };
		E4B642F81B8370B500A1E76D /* main.m */ = {isa = PBXFileReference; lastKnownFileType = sourcecode.c.objc; path = main.m; sourceTree = "<group>"; };
		E4B642FA1B8370B500A1E76D /* AppDelegate.h */ = {isa = PBXFileReference; lastKnownFileType = sourcecode.c.h; path = AppDelegate.h; sourceTree = "<group>"; };
		E4B642FB1B8370B500A1E76D /* AppDelegate.m */ = {isa = PBXFileReference; lastKnownFileType = sourcecode.c.objc; path = AppDelegate.m; sourceTree = "<group>"; };
		E4B642FD1B8370B500A1E76D /* ViewController.h */ = {isa = PBXFileReference; lastKnownFileType = sourcecode.c.h; path = ViewController.h; sourceTree = "<group>"; };
		E4B642FE1B8370B500A1E76D /* ViewController.m */ = {isa = PBXFileReference; lastKnownFileType = sourcecode.c.objc; path = ViewController.m; sourceTree = "<group>"; };
		E4B643011B8370B500A1E76D /* Base */ = {isa = PBXFileReference; lastKnownFileType = file.storyboard; name = Base; path = Base.lproj/Main.storyboard; sourceTree = "<group>"; };
		E4B643031B8370B500A1E76D /* Images.xcassets */ = {isa = PBXFileReference; lastKnownFileType = folder.assetcatalog; path = Images.xcassets; sourceTree = "<group>"; };
		E4B643061B8370B500A1E76D /* Base */ = {isa = PBXFileReference; lastKnownFileType = file.xib; name = Base; path = Base.lproj/LaunchScreen.xib; sourceTree = "<group>"; };
		E4B6430C1B8370B500A1E76D /* SimpleCoreMidiTests.xctest */ = {isa = PBXFileReference; explicitFileType = wrapper.cfbundle; includeInIndex = 0; path = SimpleCoreMidiTests.xctest; sourceTree = BUILT_PRODUCTS_DIR; };
		E4B643111B8370B500A1E76D /* Info.plist */ = {isa = PBXFileReference; lastKnownFileType = text.plist.xml; path = Info.plist; sourceTree = "<group>"; };
		E4B643121B8370B500A1E76D /* SimpleCoreMidiTests.m */ = {isa = PBXFileReference; lastKnownFileType = sourcecode.c.objc; path = SimpleCoreMidiTests.m; sourceTree = "<group>"; };
		E4B6431C1B8371B000A1E76D /* MidiEngine.m */ = {isa = PBXFileReference; fileEncoding = 4; lastKnownFileType = sourcecode.c.objc; path = MidiEngine.m; sourceTree = "<group>"; };
		E4B6431F1B83720800A1E76D /* AudioToolbox.framework */ = {isa = PBXFileReference; lastKnownFileType = wrapper.framework; name = AudioToolbox.framework; path = System/Library/Frameworks/AudioToolbox.framework; sourceTree = SDKROOT; };
		E4B643231B83724E00A1E76D /* CoreAudio.framework */ = {isa = PBXFileReference; lastKnownFileType = wrapper.framework; name = CoreAudio.framework; path = System/Library/Frameworks/CoreAudio.framework; sourceTree = SDKROOT; };
		E4B643251B83725A00A1E76D /* CoreMIDI.framework */ = {isa = PBXFileReference; lastKnownFileType = wrapper.framework; name = CoreMIDI.framework; path = System/Library/Frameworks/CoreMIDI.framework; sourceTree = SDKROOT; };
		E4B643271B8372CC00A1E76D /* MidiEngine.h */ = {isa = PBXFileReference; lastKnownFileType = sourcecode.c.h; path = MidiEngine.h; sourceTree = "<group>"; };
		E4E036351B895F3600E7FA73 /* Accelerate.framework */ = {isa = PBXFileReference; lastKnownFileType = wrapper.framework; name = Accelerate.framework; path = System/Library/Frameworks/Accelerate.framework; sourceTree = SDKROOT; };
		E4E036371B8962A700E7FA73 /* Bee_Gees_-_Jive_Talkin'.mid */ = {isa = PBXFileReference; lastKnownFileType = audio.midi; name = "Bee_Gees_-_Jive_Talkin'.mid"; path = "sound/Bee_Gees_-_Jive_Talkin'.mid"; sourceTree = "<group>"; };
/* End PBXFileReference section */

/* Begin PBXFrameworksBuildPhase section */
		E4B642F01B8370B500A1E76D /* Frameworks */ = {
			isa = PBXFrameworksBuildPhase;
			buildActionMask = 2147483647;
			files = (
				E4E036361B895F3600E7FA73 /* Accelerate.framework in Frameworks */,
				E4B643261B83725A00A1E76D /* CoreMIDI.framework in Frameworks */,
				E4B643241B83724E00A1E76D /* CoreAudio.framework in Frameworks */,
				E4B643201B83720800A1E76D /* AudioToolbox.framework in Frameworks */,
			);
			runOnlyForDeploymentPostprocessing = 0;
		};
		E4B643091B8370B500A1E76D /* Frameworks */ = {
			isa = PBXFrameworksBuildPhase;
			buildActionMask = 2147483647;
			files = (
			);
			runOnlyForDeploymentPostprocessing = 0;
		};
/* End PBXFrameworksBuildPhase section */

/* Begin PBXGroup section */
		E46E972C1B855EF1003349FB /* Supporting Files */ = {
			isa = PBXGroup;
			children = (
				E4ABCAD51B99E28400D09CCB /* chet2501.mid */,
				E4ABCAD21B99E21300D09CCB /* chet1003.mid */,
				E4E036371B8962A700E7FA73 /* Bee_Gees_-_Jive_Talkin'.mid */,
				E4768C521B865B3100879B8E /* Yamaha_XG_Sound_Set.sf2 */,
			);
			name = "Supporting Files";
			sourceTree = "<group>";
		};
		E4B642EA1B8370B500A1E76D = {
			isa = PBXGroup;
			children = (
				E4E036351B895F3600E7FA73 /* Accelerate.framework */,
				E46E972A1B855CB0003349FB /* AudioUnit.framework */,
				E4B643251B83725A00A1E76D /* CoreMIDI.framework */,
				E4B643231B83724E00A1E76D /* CoreAudio.framework */,
				E4B6431F1B83720800A1E76D /* AudioToolbox.framework */,
				E4B642F51B8370B500A1E76D /* SimpleCoreMidi */,
				E4B6430F1B8370B500A1E76D /* SimpleCoreMidiTests */,
				E4B642F41B8370B500A1E76D /* Products */,
			);
			sourceTree = "<group>";
		};
		E4B642F41B8370B500A1E76D /* Products */ = {
			isa = PBXGroup;
			children = (
				E4B642F31B8370B500A1E76D /* SimpleCoreMidi.app */,
				E4B6430C1B8370B500A1E76D /* SimpleCoreMidiTests.xctest */,
			);
			name = Products;
			sourceTree = "<group>";
		};
		E4B642F51B8370B500A1E76D /* SimpleCoreMidi */ = {
			isa = PBXGroup;
			children = (
				E46E972C1B855EF1003349FB /* Supporting Files */,
				E4B6431C1B8371B000A1E76D /* MidiEngine.m */,
				E4B642FA1B8370B500A1E76D /* AppDelegate.h */,
				E4B642FB1B8370B500A1E76D /* AppDelegate.m */,
				E4B642FD1B8370B500A1E76D /* ViewController.h */,
				E4B642FE1B8370B500A1E76D /* ViewController.m */,
				E4B643001B8370B500A1E76D /* Main.storyboard */,
				E4B643031B8370B500A1E76D /* Images.xcassets */,
				E4B643051B8370B500A1E76D /* LaunchScreen.xib */,
				E4B642F61B8370B500A1E76D /* Supporting Files */,
				E4B643271B8372CC00A1E76D /* MidiEngine.h */,
			);
			path = SimpleCoreMidi;
			sourceTree = "<group>";
		};
		E4B642F61B8370B500A1E76D /* Supporting Files */ = {
			isa = PBXGroup;
			children = (
				E4B642F71B8370B500A1E76D /* Info.plist */,
				E4B642F81B8370B500A1E76D /* main.m */,
			);
			name = "Supporting Files";
			sourceTree = "<group>";
		};
		E4B6430F1B8370B500A1E76D /* SimpleCoreMidiTests */ = {
			isa = PBXGroup;
			children = (
				E4B643121B8370B500A1E76D /* SimpleCoreMidiTests.m */,
				E4B643101B8370B500A1E76D /* Supporting Files */,
			);
			path = SimpleCoreMidiTests;
			sourceTree = "<group>";
		};
		E4B643101B8370B500A1E76D /* Supporting Files */ = {
			isa = PBXGroup;
			children = (
				E4B643111B8370B500A1E76D /* Info.plist */,
			);
			name = "Supporting Files";
			sourceTree = "<group>";
		};
/* End PBXGroup section */

/* Begin PBXNativeTarget section */
		E4B642F21B8370B500A1E76D /* SimpleCoreMidi */ = {
			isa = PBXNativeTarget;
			buildConfigurationList = E4B643161B8370B500A1E76D /* Build configuration list for PBXNativeTarget "SimpleCoreMidi" */;
			buildPhases = (
				E4B642EF1B8370B500A1E76D /* Sources */,
				E4B642F01B8370B500A1E76D /* Frameworks */,
				E4B642F11B8370B500A1E76D /* Resources */,
			);
			buildRules = (
			);
			dependencies = (
			);
			name = SimpleCoreMidi;
			productName = SimpleCoreMidi;
			productReference = E4B642F31B8370B500A1E76D /* SimpleCoreMidi.app */;
			productType = "com.apple.product-type.application";
		};
		E4B6430B1B8370B500A1E76D /* SimpleCoreMidiTests */ = {
			isa = PBXNativeTarget;
			buildConfigurationList = E4B643191B8370B500A1E76D /* Build configuration list for PBXNativeTarget "SimpleCoreMidiTests" */;
			buildPhases = (
				E4B643081B8370B500A1E76D /* Sources */,
				E4B643091B8370B500A1E76D /* Frameworks */,
				E4B6430A1B8370B500A1E76D /* Resources */,
			);
			buildRules = (
			);
			dependencies = (
				E4B6430E1B8370B500A1E76D /* PBXTargetDependency */,
			);
			name = SimpleCoreMidiTests;
			productName = SimpleCoreMidiTests;
			productReference = E4B6430C1B8370B500A1E76D /* SimpleCoreMidiTests.xctest */;
			productType = "com.apple.product-type.bundle.unit-test";
		};
/* End PBXNativeTarget section */

/* Begin PBXProject section */
		E4B642EB1B8370B500A1E76D /* Project object */ = {
			isa = PBXProject;
			attributes = {
				LastUpgradeCheck = 0640;
				ORGANIZATIONNAME = "Thierry Sansaricq";
				TargetAttributes = {
					E4B642F21B8370B500A1E76D = {
						CreatedOnToolsVersion = 6.4;
						DevelopmentTeam = JNR6JL3MR6;
					};
					E4B6430B1B8370B500A1E76D = {
						CreatedOnToolsVersion = 6.4;
						TestTargetID = E4B642F21B8370B500A1E76D;
					};
				};
			};
			buildConfigurationList = E4B642EE1B8370B500A1E76D /* Build configuration list for PBXProject "SimpleCoreMidi" */;
			compatibilityVersion = "Xcode 3.2";
			developmentRegion = English;
			hasScannedForEncodings = 0;
			knownRegions = (
				en,
				Base,
			);
			mainGroup = E4B642EA1B8370B500A1E76D;
			productRefGroup = E4B642F41B8370B500A1E76D /* Products */;
			projectDirPath = "";
			projectRoot = "";
			targets = (
				E4B642F21B8370B500A1E76D /* SimpleCoreMidi */,
				E4B6430B1B8370B500A1E76D /* SimpleCoreMidiTests */,
			);
		};
/* End PBXProject section */

/* Begin PBXResourcesBuildPhase section */
		E4B642F11B8370B500A1E76D /* Resources */ = {
			isa = PBXResourcesBuildPhase;
			buildActionMask = 2147483647;
			files = (
				E4B643021B8370B500A1E76D /* Main.storyboard in Resources */,
				E4ABCAD61B99E28400D09CCB /* chet2501.mid in Resources */,
				E4768C531B865B3100879B8E /* Yamaha_XG_Sound_Set.sf2 in Resources */,
				E4E036381B8962A700E7FA73 /* Bee_Gees_-_Jive_Talkin'.mid in Resources */,
				E4B643071B8370B500A1E76D /* LaunchScreen.xib in Resources */,
				E4ABCAD31B99E21300D09CCB /* chet1003.mid in Resources */,
				E4B643041B8370B500A1E76D /* Images.xcassets in Resources */,
			);
			runOnlyForDeploymentPostprocessing = 0;
		};
		E4B6430A1B8370B500A1E76D /* Resources */ = {
			isa = PBXResourcesBuildPhase;
			buildActionMask = 2147483647;
			files = (
				E4ABCAD71B99E28400D09CCB /* chet2501.mid in Resources */,
				E4ABCAD41B99E21300D09CCB /* chet1003.mid in Resources */,
			);
			runOnlyForDeploymentPostprocessing = 0;
		};
/* End PBXResourcesBuildPhase section */

/* Begin PBXSourcesBuildPhase section */
		E4B642EF1B8370B500A1E76D /* Sources */ = {
			isa = PBXSourcesBuildPhase;
			buildActionMask = 2147483647;
			files = (
				E4B6431D1B8371B000A1E76D /* MidiEngine.m in Sources */,
				E4B642FF1B8370B500A1E76D /* ViewController.m in Sources */,
				E4B642FC1B8370B500A1E76D /* AppDelegate.m in Sources */,
				E4B642F91B8370B500A1E76D /* main.m in Sources */,
			);
			runOnlyForDeploymentPostprocessing = 0;
		};
		E4B643081B8370B500A1E76D /* Sources */ = {
			isa = PBXSourcesBuildPhase;
			buildActionMask = 2147483647;
			files = (
				E4B6431E1B8371B000A1E76D /* MidiEngine.m in Sources */,
				E4B643131B8370B500A1E76D /* SimpleCoreMidiTests.m in Sources */,
			);
			runOnlyForDeploymentPostprocessing = 0;
		};
/* End PBXSourcesBuildPhase section */

/* Begin PBXTargetDependency section */
		E4B6430E1B8370B500A1E76D /* PBXTargetDependency */ = {
			isa = PBXTargetDependency;
			target = E4B642F21B8370B500A1E76D /* SimpleCoreMidi */;
			targetProxy = E4B6430D1B8370B500A1E76D /* PBXContainerItemProxy */;
		};
/* End PBXTargetDependency section */

/* Begin PBXVariantGroup section */
		E4B643001B8370B500A1E76D /* Main.storyboard */ = {
			isa = PBXVariantGroup;
			children = (
				E4B643011B8370B500A1E76D /* Base */,
			);
			name = Main.storyboard;
			sourceTree = "<group>";
		};
		E4B643051B8370B500A1E76D /* LaunchScreen.xib */ = {
			isa = PBXVariantGroup;
			children = (
				E4B643061B8370B500A1E76D /* Base */,
			);
			name = LaunchScreen.xib;
			sourceTree = "<group>";
		};
/* End PBXVariantGroup section */

/* Begin XCBuildConfiguration section */
		E4B643141B8370B500A1E76D /* Debug */ = {
			isa = XCBuildConfiguration;
			buildSettings = {
				ALWAYS_SEARCH_USER_PATHS = NO;
				CLANG_CXX_LANGUAGE_STANDARD = "gnu++0x";
				CLANG_CXX_LIBRARY = "libc++";
				CLANG_ENABLE_MODULES = YES;
				CLANG_ENABLE_OBJC_ARC = YES;
				CLANG_WARN_BOOL_CONVERSION = YES;
				CLANG_WARN_CONSTANT_CONVERSION = YES;
				CLANG_WARN_DIRECT_OBJC_ISA_USAGE = YES_ERROR;
				CLANG_WARN_EMPTY_BODY = YES;
				CLANG_WARN_ENUM_CONVERSION = YES;
				CLANG_WARN_INT_CONVERSION = YES;
				CLANG_WARN_OBJC_ROOT_CLASS = YES_ERROR;
				CLANG_WARN_UNREACHABLE_CODE = YES;
				CLANG_WARN__DUPLICATE_METHOD_MATCH = YES;
				"CODE_SIGN_IDENTITY[sdk=iphoneos*]" = "iPhone Developer";
				COPY_PHASE_STRIP = NO;
				DEBUG_INFORMATION_FORMAT = "dwarf-with-dsym";
				ENABLE_STRICT_OBJC_MSGSEND = YES;
				GCC_C_LANGUAGE_STANDARD = gnu99;
				GCC_DYNAMIC_NO_PIC = NO;
				GCC_NO_COMMON_BLOCKS = YES;
				GCC_OPTIMIZATION_LEVEL = 0;
				GCC_PREPROCESSOR_DEFINITIONS = (
					"DEBUG=1",
					"$(inherited)",
				);
				GCC_SYMBOLS_PRIVATE_EXTERN = NO;
				GCC_WARN_64_TO_32_BIT_CONVERSION = YES;
				GCC_WARN_ABOUT_RETURN_TYPE = YES_ERROR;
				GCC_WARN_UNDECLARED_SELECTOR = YES;
				GCC_WARN_UNINITIALIZED_AUTOS = YES_AGGRESSIVE;
				GCC_WARN_UNUSED_FUNCTION = YES;
				GCC_WARN_UNUSED_VARIABLE = YES;
				IPHONEOS_DEPLOYMENT_TARGET = 8.4;
				MTL_ENABLE_DEBUG_INFO = YES;
				ONLY_ACTIVE_ARCH = YES;
				SDKROOT = iphoneos;
				TARGETED_DEVICE_FAMILY = "1,2";
			};
			name = Debug;
		};
		E4B643151B8370B500A1E76D /* Release */ = {
			isa = XCBuildConfiguration;
			buildSettings = {
				ALWAYS_SEARCH_USER_PATHS = NO;
				CLANG_CXX_LANGUAGE_STANDARD = "gnu++0x";
				CLANG_CXX_LIBRARY = "libc++";
				CLANG_ENABLE_MODULES = YES;
				CLANG_ENABLE_OBJC_ARC = YES;
				CLANG_WARN_BOOL_CONVERSION = YES;
				CLANG_WARN_CONSTANT_CONVERSION = YES;
				CLANG_WARN_DIRECT_OBJC_ISA_USAGE = YES_ERROR;
				CLANG_WARN_EMPTY_BODY = YES;
				CLANG_WARN_ENUM_CONVERSION = YES;
				CLANG_WARN_INT_CONVERSION = YES;
				CLANG_WARN_OBJC_ROOT_CLASS = YES_ERROR;
				CLANG_WARN_UNREACHABLE_CODE = YES;
				CLANG_WARN__DUPLICATE_METHOD_MATCH = YES;
				"CODE_SIGN_IDENTITY[sdk=iphoneos*]" = "iPhone Developer";
				COPY_PHASE_STRIP = NO;
				DEBUG_INFORMATION_FORMAT = "dwarf-with-dsym";
				ENABLE_NS_ASSERTIONS = NO;
				ENABLE_STRICT_OBJC_MSGSEND = YES;
				GCC_C_LANGUAGE_STANDARD = gnu99;
				GCC_NO_COMMON_BLOCKS = YES;
				GCC_WARN_64_TO_32_BIT_CONVERSION = YES;
				GCC_WARN_ABOUT_RETURN_TYPE = YES_ERROR;
				GCC_WARN_UNDECLARED_SELECTOR = YES;
				GCC_WARN_UNINITIALIZED_AUTOS = YES_AGGRESSIVE;
				GCC_WARN_UNUSED_FUNCTION = YES;
				GCC_WARN_UNUSED_VARIABLE = YES;
				IPHONEOS_DEPLOYMENT_TARGET = 8.4;
				MTL_ENABLE_DEBUG_INFO = NO;
				SDKROOT = iphoneos;
				TARGETED_DEVICE_FAMILY = "1,2";
				VALIDATE_PRODUCT = YES;
			};
			name = Release;
		};
		E4B643171B8370B500A1E76D /* Debug */ = {
			isa = XCBuildConfiguration;
			buildSettings = {
				ASSETCATALOG_COMPILER_APPICON_NAME = AppIcon;
				CODE_SIGN_IDENTITY = "iPhone Developer";
				INFOPLIST_FILE = SimpleCoreMidi/Info.plist;
				LD_RUNPATH_SEARCH_PATHS = "$(inherited) @executable_path/Frameworks";
				PRODUCT_NAME = "$(TARGET_NAME)";
			};
			name = Debug;
		};
		E4B643181B8370B500A1E76D /* Release */ = {
			isa = XCBuildConfiguration;
			buildSettings = {
				ASSETCATALOG_COMPILER_APPICON_NAME = AppIcon;
				CODE_SIGN_IDENTITY = "iPhone Developer";
				INFOPLIST_FILE = SimpleCoreMidi/Info.plist;
				LD_RUNPATH_SEARCH_PATHS = "$(inherited) @executable_path/Frameworks";
				PRODUCT_NAME = "$(TARGET_NAME)";
			};
			name = Release;
		};
		E4B6431A1B8370B500A1E76D /* Debug */ = {
			isa = XCBuildConfiguration;
			buildSettings = {
				BUNDLE_LOADER = "$(TEST_HOST)";
				FRAMEWORK_SEARCH_PATHS = (
					"$(SDKROOT)/Developer/Library/Frameworks",
					"$(inherited)",
				);
				GCC_PREPROCESSOR_DEFINITIONS = (
					"DEBUG=1",
					"$(inherited)",
				);
				INFOPLIST_FILE = SimpleCoreMidiTests/Info.plist;
				LD_RUNPATH_SEARCH_PATHS = "$(inherited) @executable_path/Frameworks @loader_path/Frameworks";
				PRODUCT_NAME = "$(TARGET_NAME)";
				TEST_HOST = "$(BUILT_PRODUCTS_DIR)/SimpleCoreMidi.app/SimpleCoreMidi";
			};
			name = Debug;
		};
		E4B6431B1B8370B500A1E76D /* Release */ = {
			isa = XCBuildConfiguration;
			buildSettings = {
				BUNDLE_LOADER = "$(TEST_HOST)";
				FRAMEWORK_SEARCH_PATHS = (
					"$(SDKROOT)/Developer/Library/Frameworks",
					"$(inherited)",
				);
				INFOPLIST_FILE = SimpleCoreMidiTests/Info.plist;
				LD_RUNPATH_SEARCH_PATHS = "$(inherited) @executable_path/Frameworks @loader_path/Frameworks";
				PRODUCT_NAME = "$(TARGET_NAME)";
				TEST_HOST = "$(BUILT_PRODUCTS_DIR)/SimpleCoreMidi.app/SimpleCoreMidi";
			};
			name = Release;
		};
/* End XCBuildConfiguration section */

/* Begin XCConfigurationList section */
		E4B642EE1B8370B500A1E76D /* Build configuration list for PBXProject "SimpleCoreMidi" */ = {
			isa = XCConfigurationList;
			buildConfigurations = (
				E4B643141B8370B500A1E76D /* Debug */,
				E4B643151B8370B500A1E76D /* Release */,
			);
			defaultConfigurationIsVisible = 0;
			defaultConfigurationName = Release;
		};
		E4B643161B8370B500A1E76D /* Build configuration list for PBXNativeTarget "SimpleCoreMidi" */ = {
			isa = XCConfigurationList;
			buildConfigurations = (
				E4B643171B8370B500A1E76D /* Debug */,
				E4B643181B8370B500A1E76D /* Release */,
			);
			defaultConfigurationIsVisible = 0;
			defaultConfigurationName = Release;
		};
		E4B643191B8370B500A1E76D /* Build configuration list for PBXNativeTarget "SimpleCoreMidiTests" */ = {
			isa = XCConfigurationList;
			buildConfigurations = (
				E4B6431A1B8370B500A1E76D /* Debug */,
				E4B6431B1B8370B500A1E76D /* Release */,
			);
			defaultConfigurationIsVisible = 0;
			defaultConfigurationName = Release;
		};
/* End XCConfigurationList section */
	};
	rootObject = E4B642EB1B8370B500A1E76D /* Project object */;
}
